
Microsoft Visual Studio Solution File, Format Version 12.00
# Visual Studio 15
VisualStudioVersion = 15.0.26403.3
MinimumVisualStudioVersion = 10.0.40219.1
Project("{FAE04EC0-301F-11D3-BF4B-00C04F79EFBC}") = "DomeMvc", "DomeMvc\DomeMvc.csproj", "{E5B84F7E-D35E-4CD6-AB18-274EA0FB5946}"
EndProject
Project("{FAE04EC0-301F-11D3-BF4B-00C04F79EFBC}") = "DomeMvc.Tests", "DomeMvc.Tests\DomeMvc.Tests.csproj", "{741E8C52-F15F-4CE1-8813-D668162F922F}"
EndProject
Project("{FAE04EC0-301F-11D3-BF4B-00C04F79EFBC}") = "Indexer", "Indexer\Indexer.csproj", "{D8087124-F249-452C-9DE4-86A78472219D}"
EndProject
Project("{FAE04EC0-301F-11D3-BF4B-00C04F79EFBC}") = "DomeOOP", "DomeOOP\DomeOOP.csproj", "{6B7F25D8-7433-4D4D-9FBF-3C43351C5935}"
EndProject
Project("{FAE04EC0-301F-11D3-BF4B-00C04F79EFBC}") = "DomeDalegate", "DomeDalegate\DomeDalegate.csproj", "{2A137DDD-1EFD-48F9-AFC5-E10C5D83E850}"
EndProject
Project("{FAE04EC0-301F-11D3-BF4B-00C04F79EFBC}") = "DomeEvent", "DomeEvent\DomeEvent.csproj", "{6B92B298-0122-4F32-A302-2783767BFB1B}"
EndProject
Project("{FAE04EC0-301F-11D3-BF4B-00C04F79EFBC}") = "DomeGeneric", "DomeGeneric\DomeGeneric.csproj", "{85CDF15A-0232-4248-A455-3F92347F47D0}"
EndProject
Project("{FAE04EC0-301F-11D3-BF4B-00C04F79EFBC}") = "DomeNullable", "DomeNullable\DomeNullable.csproj", "{6B95E260-07CF-4CBA-89DF-E9FCA693D1F7}"
EndProject
Project("{FAE04EC0-301F-11D3-BF4B-00C04F79EFBC}") = "DomeAnonymousMethod", "DomeAnonymousMethod\DomeAnonymousMethod.csproj", "{C7C8A0FD-95A9-41DF-9542-D0074551A301}"
EndProject
Project("{FAE04EC0-301F-11D3-BF4B-00C04F79EFBC}") = "DomeIterator", "DomeIterator\DomeIterator.csproj", "{CACAADC2-DDB0-443D-8E7C-668FB5F71B3C}"
EndProject
Project("{FAE04EC0-301F-11D3-BF4B-00C04F79EFBC}") = "DomeSmartCompiler", "DomeSmartCompiler\DomeSmartCompiler.csproj", "{30BD9771-FBB2-4585-A125-8ED5FF5A71AB}"
EndProject
Project("{FAE04EC0-301F-11D3-BF4B-00C04F79EFBC}") = "DomeLambda", "DomeLambda\DomeLambda.csproj", "{02268F5A-6C0C-44F5-B729-38068B85DDE6}"
EndProject
Project("{FAE04EC0-301F-11D3-BF4B-00C04F79EFBC}") = "DomeExtensionMethods", "DomeAnonymousMethods\DomeExtensionMethods.csproj", "{08A97ED8-6E3A-40D7-9A8F-170A4660FC1D}"
EndProject
Project("{FAE04EC0-301F-11D3-BF4B-00C04F79EFBC}") = "DomeLinq", "DomeLinq\DomeLinq.csproj", "{3F635E82-A601-4843-B14B-8C0413A9281A}"
EndProject
Project("{FAE04EC0-301F-11D3-BF4B-00C04F79EFBC}") = "DomeCShap4", "DomeCShap4\DomeCShap4.csproj", "{3A894669-A028-4FC5-9F11-51F75E768192}"
EndProject
Project("{FAE04EC0-301F-11D3-BF4B-00C04F79EFBC}") = "DomeDynamic", "DomeDynamic\DomeDynamic.csproj", "{7CA1767C-3A1C-4A64-BC2F-6D89C2C7DCCD}"
EndProject
Project("{FAE04EC0-301F-11D3-BF4B-00C04F79EFBC}") = "DomeFileOperation", "DomeFileOperation\DomeFileOperation.csproj", "{EAFE3756-F14A-4D63-88A0-780A8F0EC17E}"
EndProject
Project("{FAE04EC0-301F-11D3-BF4B-00C04F79EFBC}") = "DomeRecursion", "DomeRecursion\DomeRecursion.csproj", "{DEA4E243-E7AB-4C0F-92A3-78ED234E47B1}"
EndProject
Project("{FAE04EC0-301F-11D3-BF4B-00C04F79EFBC}") = "DomeNew", "DomeNew\DomeNew.csproj", "{5AF9F796-615B-4824-86EF-2E36C33D7FD4}"
EndProject
Global
	GlobalSection(SolutionConfigurationPlatforms) = preSolution
		Debug|Any CPU = Debug|Any CPU
		Release|Any CPU = Release|Any CPU
	EndGlobalSection
	GlobalSection(ProjectConfigurationPlatforms) = postSolution
		{E5B84F7E-D35E-4CD6-AB18-274EA0FB5946}.Debug|Any CPU.ActiveCfg = Debug|Any CPU
		{E5B84F7E-D35E-4CD6-AB18-274EA0FB5946}.Debug|Any CPU.Build.0 = Debug|Any CPU
		{E5B84F7E-D35E-4CD6-AB18-274EA0FB5946}.Release|Any CPU.ActiveCfg = Release|Any CPU
		{E5B84F7E-D35E-4CD6-AB18-274EA0FB5946}.Release|Any CPU.Build.0 = Release|Any CPU
		{741E8C52-F15F-4CE1-8813-D668162F922F}.Debug|Any CPU.ActiveCfg = Debug|Any CPU
		{741E8C52-F15F-4CE1-8813-D668162F922F}.Debug|Any CPU.Build.0 = Debug|Any CPU
		{741E8C52-F15F-4CE1-8813-D668162F922F}.Release|Any CPU.ActiveCfg = Release|Any CPU
		{741E8C52-F15F-4CE1-8813-D668162F922F}.Release|Any CPU.Build.0 = Release|Any CPU
		{D8087124-F249-452C-9DE4-86A78472219D}.Debug|Any CPU.ActiveCfg = Debug|Any CPU
		{D8087124-F249-452C-9DE4-86A78472219D}.Debug|Any CPU.Build.0 = Debug|Any CPU
		{D8087124-F249-452C-9DE4-86A78472219D}.Release|Any CPU.ActiveCfg = Release|Any CPU
		{D8087124-F249-452C-9DE4-86A78472219D}.Release|Any CPU.Build.0 = Release|Any CPU
		{6B7F25D8-7433-4D4D-9FBF-3C43351C5935}.Debug|Any CPU.ActiveCfg = Debug|Any CPU
		{6B7F25D8-7433-4D4D-9FBF-3C43351C5935}.Debug|Any CPU.Build.0 = Debug|Any CPU
		{6B7F25D8-7433-4D4D-9FBF-3C43351C5935}.Release|Any CPU.ActiveCfg = Release|Any CPU
		{6B7F25D8-7433-4D4D-9FBF-3C43351C5935}.Release|Any CPU.Build.0 = Release|Any CPU
		{2A137DDD-1EFD-48F9-AFC5-E10C5D83E850}.Debug|Any CPU.ActiveCfg = Debug|Any CPU
		{2A137DDD-1EFD-48F9-AFC5-E10C5D83E850}.Debug|Any CPU.Build.0 = Debug|Any CPU
		{2A137DDD-1EFD-48F9-AFC5-E10C5D83E850}.Release|Any CPU.ActiveCfg = Release|Any CPU
		{2A137DDD-1EFD-48F9-AFC5-E10C5D83E850}.Release|Any CPU.Build.0 = Release|Any CPU
		{6B92B298-0122-4F32-A302-2783767BFB1B}.Debug|Any CPU.ActiveCfg = Debug|Any CPU
		{6B92B298-0122-4F32-A302-2783767BFB1B}.Debug|Any CPU.Build.0 = Debug|Any CPU
		{6B92B298-0122-4F32-A302-2783767BFB1B}.Release|Any CPU.ActiveCfg = Release|Any CPU
		{6B92B298-0122-4F32-A302-2783767BFB1B}.Release|Any CPU.Build.0 = Release|Any CPU
		{85CDF15A-0232-4248-A455-3F92347F47D0}.Debug|Any CPU.ActiveCfg = Debug|Any CPU
		{85CDF15A-0232-4248-A455-3F92347F47D0}.Debug|Any CPU.Build.0 = Debug|Any CPU
		{85CDF15A-0232-4248-A455-3F92347F47D0}.Release|Any CPU.ActiveCfg = Release|Any CPU
		{85CDF15A-0232-4248-A455-3F92347F47D0}.Release|Any CPU.Build.0 = Release|Any CPU
		{6B95E260-07CF-4CBA-89DF-E9FCA693D1F7}.Debug|Any CPU.ActiveCfg = Debug|Any CPU
		{6B95E260-07CF-4CBA-89DF-E9FCA693D1F7}.Debug|Any CPU.Build.0 = Debug|Any CPU
		{6B95E260-07CF-4CBA-89DF-E9FCA693D1F7}.Release|Any CPU.ActiveCfg = Release|Any CPU
		{6B95E260-07CF-4CBA-89DF-E9FCA693D1F7}.Release|Any CPU.Build.0 = Release|Any CPU
		{C7C8A0FD-95A9-41DF-9542-D0074551A301}.Debug|Any CPU.ActiveCfg = Debug|Any CPU
		{C7C8A0FD-95A9-41DF-9542-D0074551A301}.Debug|Any CPU.Build.0 = Debug|Any CPU
		{C7C8A0FD-95A9-41DF-9542-D0074551A301}.Release|Any CPU.ActiveCfg = Release|Any CPU
		{C7C8A0FD-95A9-41DF-9542-D0074551A301}.Release|Any CPU.Build.0 = Release|Any CPU
		{CACAADC2-DDB0-443D-8E7C-668FB5F71B3C}.Debug|Any CPU.ActiveCfg = Debug|Any CPU
		{CACAADC2-DDB0-443D-8E7C-668FB5F71B3C}.Debug|Any CPU.Build.0 = Debug|Any CPU
		{CACAADC2-DDB0-443D-8E7C-668FB5F71B3C}.Release|Any CPU.ActiveCfg = Release|Any CPU
		{CACAADC2-DDB0-443D-8E7C-668FB5F71B3C}.Release|Any CPU.Build.0 = Release|Any CPU
		{30BD9771-FBB2-4585-A125-8ED5FF5A71AB}.Debug|Any CPU.ActiveCfg = Debug|Any CPU
		{30BD9771-FBB2-4585-A125-8ED5FF5A71AB}.Debug|Any CPU.Build.0 = Debug|Any CPU
		{30BD9771-FBB2-4585-A125-8ED5FF5A71AB}.Release|Any CPU.ActiveCfg = Release|Any CPU
		{30BD9771-FBB2-4585-A125-8ED5FF5A71AB}.Release|Any CPU.Build.0 = Release|Any CPU
		{02268F5A-6C0C-44F5-B729-38068B85DDE6}.Debug|Any CPU.ActiveCfg = Debug|Any CPU
		{02268F5A-6C0C-44F5-B729-38068B85DDE6}.Debug|Any CPU.Build.0 = Debug|Any CPU
		{02268F5A-6C0C-44F5-B729-38068B85DDE6}.Release|Any CPU.ActiveCfg = Release|Any CPU
		{02268F5A-6C0C-44F5-B729-38068B85DDE6}.Release|Any CPU.Build.0 = Release|Any CPU
		{08A97ED8-6E3A-40D7-9A8F-170A4660FC1D}.Debug|Any CPU.ActiveCfg = Debug|Any CPU
		{08A97ED8-6E3A-40D7-9A8F-170A4660FC1D}.Debug|Any CPU.Build.0 = Debug|Any CPU
		{08A97ED8-6E3A-40D7-9A8F-170A4660FC1D}.Release|Any CPU.ActiveCfg = Release|Any CPU
		{08A97ED8-6E3A-40D7-9A8F-170A4660FC1D}.Release|Any CPU.Build.0 = Release|Any CPU
		{3F635E82-A601-4843-B14B-8C0413A9281A}.Debug|Any CPU.ActiveCfg = Debug|Any CPU
		{3F635E82-A601-4843-B14B-8C0413A9281A}.Debug|Any CPU.Build.0 = Debug|Any CPU
		{3F635E82-A601-4843-B14B-8C0413A9281A}.Release|Any CPU.ActiveCfg = Release|Any CPU
		{3F635E82-A601-4843-B14B-8C0413A9281A}.Release|Any CPU.Build.0 = Release|Any CPU
		{3A894669-A028-4FC5-9F11-51F75E768192}.Debug|Any CPU.ActiveCfg = Debug|Any CPU
		{3A894669-A028-4FC5-9F11-51F75E768192}.Debug|Any CPU.Build.0 = Debug|Any CPU
		{3A894669-A028-4FC5-9F11-51F75E768192}.Release|Any CPU.ActiveCfg = Release|Any CPU
		{3A894669-A028-4FC5-9F11-51F75E768192}.Release|Any CPU.Build.0 = Release|Any CPU
		{7CA1767C-3A1C-4A64-BC2F-6D89C2C7DCCD}.Debug|Any CPU.ActiveCfg = Debug|Any CPU
		{7CA1767C-3A1C-4A64-BC2F-6D89C2C7DCCD}.Debug|Any CPU.Build.0 = Debug|Any CPU
		{7CA1767C-3A1C-4A64-BC2F-6D89C2C7DCCD}.Release|Any CPU.ActiveCfg = Release|Any CPU
		{7CA1767C-3A1C-4A64-BC2F-6D89C2C7DCCD}.Release|Any CPU.Build.0 = Release|Any CPU
		{EAFE3756-F14A-4D63-88A0-780A8F0EC17E}.Debug|Any CPU.ActiveCfg = Debug|Any CPU
		{EAFE3756-F14A-4D63-88A0-780A8F0EC17E}.Debug|Any CPU.Build.0 = Debug|Any CPU
		{EAFE3756-F14A-4D63-88A0-780A8F0EC17E}.Release|Any CPU.ActiveCfg = Release|Any CPU
		{EAFE3756-F14A-4D63-88A0-780A8F0EC17E}.Release|Any CPU.Build.0 = Release|Any CPU
		{DEA4E243-E7AB-4C0F-92A3-78ED234E47B1}.Debug|Any CPU.ActiveCfg = Debug|Any CPU
		{DEA4E243-E7AB-4C0F-92A3-78ED234E47B1}.Debug|Any CPU.Build.0 = Debug|Any CPU
		{DEA4E243-E7AB-4C0F-92A3-78ED234E47B1}.Release|Any CPU.ActiveCfg = Release|Any CPU
		{DEA4E243-E7AB-4C0F-92A3-78ED234E47B1}.Release|Any CPU.Build.0 = Release|Any CPU
		{5AF9F796-615B-4824-86EF-2E36C33D7FD4}.Debug|Any CPU.ActiveCfg = Debug|Any CPU
		{5AF9F796-615B-4824-86EF-2E36C33D7FD4}.Debug|Any CPU.Build.0 = Debug|Any CPU
		{5AF9F796-615B-4824-86EF-2E36C33D7FD4}.Release|Any CPU.ActiveCfg = Release|Any CPU
		{5AF9F796-615B-4824-86EF-2E36C33D7FD4}.Release|Any CPU.Build.0 = Release|Any CPU
	EndGlobalSection
	GlobalSection(SolutionProperties) = preSolution
		HideSolutionNode = FALSE
	EndGlobalSection
EndGlobal
